// !$*UTF8*$!
{
	archiveVersion = 1;
	classes = {
	};
	objectVersion = 46;
	objects = {

/* Begin PBXBuildFile section */
		A712DF4D14826BE700F4E399 /* libcrypto.a in Frameworks */ = {isa = PBXBuildFile; fileRef = A712DF4B14826BE700F4E399 /* libcrypto.a */; };
		A712DF4E14826BE700F4E399 /* libssl.a in Frameworks */ = {isa = PBXBuildFile; fileRef = A712DF4C14826BE700F4E399 /* libssl.a */; };
		A712DF4F1482714200F4E399 /* libcrypto.a in Frameworks */ = {isa = PBXBuildFile; fileRef = A712DF4B14826BE700F4E399 /* libcrypto.a */; };
		A712DF501482714400F4E399 /* libssl.a in Frameworks */ = {isa = PBXBuildFile; fileRef = A712DF4C14826BE700F4E399 /* libssl.a */; };
		A73718D4157E878E00AA362C /* CTOpenSSLSymmetricEncryption.h in Headers */ = {isa = PBXBuildFile; fileRef = A73718D2157E878E00AA362C /* CTOpenSSLSymmetricEncryption.h */; };
		A73718D5157E878E00AA362C /* CTOpenSSLSymmetricEncryption.m in Sources */ = {isa = PBXBuildFile; fileRef = A73718D3157E878E00AA362C /* CTOpenSSLSymmetricEncryption.m */; };
		A73718D9157E88C800AA362C /* CTOpenSSLAsymmetricEncryption.h in Headers */ = {isa = PBXBuildFile; fileRef = A73718D7157E88C800AA362C /* CTOpenSSLAsymmetricEncryption.h */; };
		A73718DA157E88C800AA362C /* CTOpenSSLAsymmetricEncryption.m in Sources */ = {isa = PBXBuildFile; fileRef = A73718D8157E88C800AA362C /* CTOpenSSLAsymmetricEncryption.m */; };
		A7371965157FE36400AA362C /* NSString+CTOpenSSL.h in Headers */ = {isa = PBXBuildFile; fileRef = A7371963157FE36400AA362C /* NSString+CTOpenSSL.h */; };
		A7371966157FE36400AA362C /* NSString+CTOpenSSL.m in Sources */ = {isa = PBXBuildFile; fileRef = A7371964157FE36400AA362C /* NSString+CTOpenSSL.m */; };
		A74A5A69157D3E64000C62B9 /* NSData+CTOpenSSL.h in Headers */ = {isa = PBXBuildFile; fileRef = A74A5A67157D3E64000C62B9 /* NSData+CTOpenSSL.h */; };
		A74A5A6A157D3E64000C62B9 /* NSData+CTOpenSSL.m in Sources */ = {isa = PBXBuildFile; fileRef = A74A5A68157D3E64000C62B9 /* NSData+CTOpenSSL.m */; };
		A74A5AF2157E81B2000C62B9 /* CTOpenSSLDigest.h in Headers */ = {isa = PBXBuildFile; fileRef = A74A5AF0157E81B2000C62B9 /* CTOpenSSLDigest.h */; };
		A74A5AF3157E81B2000C62B9 /* CTOpenSSLDigest.m in Sources */ = {isa = PBXBuildFile; fileRef = A74A5AF1157E81B2000C62B9 /* CTOpenSSLDigest.m */; };
		A7AA080214825387009DE810 /* Foundation.framework in Frameworks */ = {isa = PBXBuildFile; fileRef = A7AA080114825387009DE810 /* Foundation.framework */; };
		A7AA080814825387009DE810 /* CTOpenSSLWrapper.m in Sources */ = {isa = PBXBuildFile; fileRef = A7AA080714825387009DE810 /* CTOpenSSLWrapper.m */; };
		A7AA081014825387009DE810 /* SenTestingKit.framework in Frameworks */ = {isa = PBXBuildFile; fileRef = A7AA080F14825387009DE810 /* SenTestingKit.framework */; };
		A7AA081314825387009DE810 /* Foundation.framework in Frameworks */ = {isa = PBXBuildFile; fileRef = A7AA080114825387009DE810 /* Foundation.framework */; };
		A7AA081614825387009DE810 /* libCTOpenSSLWrapper.a in Frameworks */ = {isa = PBXBuildFile; fileRef = A7AA07FE14825387009DE810 /* libCTOpenSSLWrapper.a */; };
		A7AA081C14825387009DE810 /* InfoPlist.strings in Resources */ = {isa = PBXBuildFile; fileRef = A7AA081A14825387009DE810 /* InfoPlist.strings */; };
		A7AA081F14825387009DE810 /* CTOpenSSLWrapperTests.m in Sources */ = {isa = PBXBuildFile; fileRef = A7AA081E14825387009DE810 /* CTOpenSSLWrapperTests.m */; };
/* End PBXBuildFile section */

/* Begin PBXContainerItemProxy section */
		A7AA081414825387009DE810 /* PBXContainerItemProxy */ = {
			isa = PBXContainerItemProxy;
			containerPortal = A7AA07F514825387009DE810 /* Project object */;
			proxyType = 1;
			remoteGlobalIDString = A7AA07FD14825387009DE810;
			remoteInfo = CTOpenSSLWrapper;
		};
/* End PBXContainerItemProxy section */

/* Begin PBXFileReference section */
		A712DF4B14826BE700F4E399 /* libcrypto.a */ = {isa = PBXFileReference; lastKnownFileType = archive.ar; path = libcrypto.a; sourceTree = "<group>"; };
		A712DF4C14826BE700F4E399 /* libssl.a */ = {isa = PBXFileReference; lastKnownFileType = archive.ar; path = libssl.a; sourceTree = "<group>"; };
		A73718D2157E878E00AA362C /* CTOpenSSLSymmetricEncryption.h */ = {isa = PBXFileReference; fileEncoding = 4; lastKnownFileType = sourcecode.c.h; path = CTOpenSSLSymmetricEncryption.h; sourceTree = "<group>"; };
		A73718D3157E878E00AA362C /* CTOpenSSLSymmetricEncryption.m */ = {isa = PBXFileReference; fileEncoding = 4; lastKnownFileType = sourcecode.c.objc; path = CTOpenSSLSymmetricEncryption.m; sourceTree = "<group>"; };
		A73718D7157E88C800AA362C /* CTOpenSSLAsymmetricEncryption.h */ = {isa = PBXFileReference; fileEncoding = 4; lastKnownFileType = sourcecode.c.h; path = CTOpenSSLAsymmetricEncryption.h; sourceTree = "<group>"; };
		A73718D8157E88C800AA362C /* CTOpenSSLAsymmetricEncryption.m */ = {isa = PBXFileReference; fileEncoding = 4; lastKnownFileType = sourcecode.c.objc; path = CTOpenSSLAsymmetricEncryption.m; sourceTree = "<group>"; };
		A7371963157FE36400AA362C /* NSString+CTOpenSSL.h */ = {isa = PBXFileReference; fileEncoding = 4; lastKnownFileType = sourcecode.c.h; path = "NSString+CTOpenSSL.h"; sourceTree = "<group>"; };
		A7371964157FE36400AA362C /* NSString+CTOpenSSL.m */ = {isa = PBXFileReference; fileEncoding = 4; lastKnownFileType = sourcecode.c.objc; path = "NSString+CTOpenSSL.m"; sourceTree = "<group>"; };
		A74A5A67157D3E64000C62B9 /* NSData+CTOpenSSL.h */ = {isa = PBXFileReference; fileEncoding = 4; lastKnownFileType = sourcecode.c.h; path = "NSData+CTOpenSSL.h"; sourceTree = "<group>"; };
		A74A5A68157D3E64000C62B9 /* NSData+CTOpenSSL.m */ = {isa = PBXFileReference; fileEncoding = 4; lastKnownFileType = sourcecode.c.objc; path = "NSData+CTOpenSSL.m"; sourceTree = "<group>"; };
		A74A5AF0157E81B2000C62B9 /* CTOpenSSLDigest.h */ = {isa = PBXFileReference; fileEncoding = 4; lastKnownFileType = sourcecode.c.h; path = CTOpenSSLDigest.h; sourceTree = "<group>"; };
		A74A5AF1157E81B2000C62B9 /* CTOpenSSLDigest.m */ = {isa = PBXFileReference; fileEncoding = 4; lastKnownFileType = sourcecode.c.objc; path = CTOpenSSLDigest.m; sourceTree = "<group>"; };
		A7AA07FE14825387009DE810 /* libCTOpenSSLWrapper.a */ = {isa = PBXFileReference; explicitFileType = archive.ar; includeInIndex = 0; path = libCTOpenSSLWrapper.a; sourceTree = BUILT_PRODUCTS_DIR; };
		A7AA080114825387009DE810 /* Foundation.framework */ = {isa = PBXFileReference; lastKnownFileType = wrapper.framework; name = Foundation.framework; path = System/Library/Frameworks/Foundation.framework; sourceTree = SDKROOT; };
		A7AA080514825387009DE810 /* CTOpenSSLWrapper-Prefix.pch */ = {isa = PBXFileReference; lastKnownFileType = sourcecode.c.h; path = "CTOpenSSLWrapper-Prefix.pch"; sourceTree = "<group>"; };
		A7AA080614825387009DE810 /* CTOpenSSLWrapper.h */ = {isa = PBXFileReference; lastKnownFileType = sourcecode.c.h; path = CTOpenSSLWrapper.h; sourceTree = "<group>"; };
		A7AA080714825387009DE810 /* CTOpenSSLWrapper.m */ = {isa = PBXFileReference; lastKnownFileType = sourcecode.c.objc; path = CTOpenSSLWrapper.m; sourceTree = "<group>"; };
		A7AA080E14825387009DE810 /* CTOpenSSLWrapperTests.octest */ = {isa = PBXFileReference; explicitFileType = wrapper.cfbundle; includeInIndex = 0; path = CTOpenSSLWrapperTests.octest; sourceTree = BUILT_PRODUCTS_DIR; };
		A7AA080F14825387009DE810 /* SenTestingKit.framework */ = {isa = PBXFileReference; lastKnownFileType = wrapper.framework; name = SenTestingKit.framework; path = Library/Frameworks/SenTestingKit.framework; sourceTree = DEVELOPER_DIR; };
		A7AA081914825387009DE810 /* CTOpenSSLWrapperTests-Info.plist */ = {isa = PBXFileReference; lastKnownFileType = text.plist.xml; path = "CTOpenSSLWrapperTests-Info.plist"; sourceTree = "<group>"; };
		A7AA081B14825387009DE810 /* en */ = {isa = PBXFileReference; lastKnownFileType = text.plist.strings; name = en; path = en.lproj/InfoPlist.strings; sourceTree = "<group>"; };
		A7AA081D14825387009DE810 /* CTOpenSSLWrapperTests.h */ = {isa = PBXFileReference; lastKnownFileType = sourcecode.c.h; path = CTOpenSSLWrapperTests.h; sourceTree = "<group>"; };
		A7AA081E14825387009DE810 /* CTOpenSSLWrapperTests.m */ = {isa = PBXFileReference; lastKnownFileType = sourcecode.c.objc; path = CTOpenSSLWrapperTests.m; sourceTree = "<group>"; };
/* End PBXFileReference section */

/* Begin PBXFrameworksBuildPhase section */
		A7AA07FB14825387009DE810 /* Frameworks */ = {
			isa = PBXFrameworksBuildPhase;
			buildActionMask = 2147483647;
			files = (
				A7AA080214825387009DE810 /* Foundation.framework in Frameworks */,
				A712DF4D14826BE700F4E399 /* libcrypto.a in Frameworks */,
				A712DF4E14826BE700F4E399 /* libssl.a in Frameworks */,
			);
			runOnlyForDeploymentPostprocessing = 0;
		};
		A7AA080A14825387009DE810 /* Frameworks */ = {
			isa = PBXFrameworksBuildPhase;
			buildActionMask = 2147483647;
			files = (
				A7AA081014825387009DE810 /* SenTestingKit.framework in Frameworks */,
				A7AA081314825387009DE810 /* Foundation.framework in Frameworks */,
				A712DF4F1482714200F4E399 /* libcrypto.a in Frameworks */,
				A712DF501482714400F4E399 /* libssl.a in Frameworks */,
				A7AA081614825387009DE810 /* libCTOpenSSLWrapper.a in Frameworks */,
			);
			runOnlyForDeploymentPostprocessing = 0;
		};
/* End PBXFrameworksBuildPhase section */

/* Begin PBXGroup section */
		A73718D0157E878200AA362C /* CTOpenSSLSymmetricEncryption */ = {
			isa = PBXGroup;
			children = (
				A73718D2157E878E00AA362C /* CTOpenSSLSymmetricEncryption.h */,
				A73718D3157E878E00AA362C /* CTOpenSSLSymmetricEncryption.m */,
			);
			path = CTOpenSSLSymmetricEncryption;
			sourceTree = "<group>";
		};
		A73718D6157E88B900AA362C /* CTOpenSSLAsymmetricEncryption */ = {
			isa = PBXGroup;
			children = (
				A73718D7157E88C800AA362C /* CTOpenSSLAsymmetricEncryption.h */,
				A73718D8157E88C800AA362C /* CTOpenSSLAsymmetricEncryption.m */,
			);
			path = CTOpenSSLAsymmetricEncryption;
			sourceTree = "<group>";
		};
		A7371961157FE35700AA362C /* NSString */ = {
			isa = PBXGroup;
			children = (
				A7371963157FE36400AA362C /* NSString+CTOpenSSL.h */,
				A7371964157FE36400AA362C /* NSString+CTOpenSSL.m */,
			);
			path = NSString;
			sourceTree = "<group>";
		};
		A74A5A64157D3E50000C62B9 /* FrameworkAddtions */ = {
			isa = PBXGroup;
			children = (
				A74A5A65157D3E50000C62B9 /* Foundation */,
			);
			path = FrameworkAddtions;
			sourceTree = "<group>";
		};
		A74A5A65157D3E50000C62B9 /* Foundation */ = {
			isa = PBXGroup;
			children = (
				A74A5A66157D3E50000C62B9 /* NSData */,
				A7371961157FE35700AA362C /* NSString */,
			);
			path = Foundation;
			sourceTree = "<group>";
		};
		A74A5A66157D3E50000C62B9 /* NSData */ = {
			isa = PBXGroup;
			children = (
				A74A5A67157D3E64000C62B9 /* NSData+CTOpenSSL.h */,
				A74A5A68157D3E64000C62B9 /* NSData+CTOpenSSL.m */,
			);
			path = NSData;
			sourceTree = "<group>";
		};
		A74A5AEF157E819D000C62B9 /* CTOpenSSLDigest */ = {
			isa = PBXGroup;
			children = (
				A74A5AF0157E81B2000C62B9 /* CTOpenSSLDigest.h */,
				A74A5AF1157E81B2000C62B9 /* CTOpenSSLDigest.m */,
			);
			path = CTOpenSSLDigest;
			sourceTree = "<group>";
		};
		A7AA07F314825387009DE810 = {
			isa = PBXGroup;
			children = (
				A7AA080314825387009DE810 /* CTOpenSSLWrapper */,
				A7AA081714825387009DE810 /* CTOpenSSLWrapperTests */,
				A7AA080014825387009DE810 /* Frameworks */,
				A7AA07FF14825387009DE810 /* Products */,
			);
			sourceTree = "<group>";
		};
		A7AA07FF14825387009DE810 /* Products */ = {
			isa = PBXGroup;
			children = (
				A7AA07FE14825387009DE810 /* libCTOpenSSLWrapper.a */,
				A7AA080E14825387009DE810 /* CTOpenSSLWrapperTests.octest */,
			);
			name = Products;
			sourceTree = "<group>";
		};
		A7AA080014825387009DE810 /* Frameworks */ = {
			isa = PBXGroup;
			children = (
				A712DF4B14826BE700F4E399 /* libcrypto.a */,
				A712DF4C14826BE700F4E399 /* libssl.a */,
				A7AA080114825387009DE810 /* Foundation.framework */,
				A7AA080F14825387009DE810 /* SenTestingKit.framework */,
			);
			name = Frameworks;
			sourceTree = "<group>";
		};
		A7AA080314825387009DE810 /* CTOpenSSLWrapper */ = {
			isa = PBXGroup;
			children = (
				A73718D6157E88B900AA362C /* CTOpenSSLAsymmetricEncryption */,
				A74A5AEF157E819D000C62B9 /* CTOpenSSLDigest */,
				A73718D0157E878200AA362C /* CTOpenSSLSymmetricEncryption */,
				A74A5A64157D3E50000C62B9 /* FrameworkAddtions */,
				A7AA080614825387009DE810 /* CTOpenSSLWrapper.h */,
				A7AA080714825387009DE810 /* CTOpenSSLWrapper.m */,
				A7AA080414825387009DE810 /* Supporting Files */,
			);
			path = CTOpenSSLWrapper;
			sourceTree = "<group>";
		};
		A7AA080414825387009DE810 /* Supporting Files */ = {
			isa = PBXGroup;
			children = (
				A7AA080514825387009DE810 /* CTOpenSSLWrapper-Prefix.pch */,
			);
			name = "Supporting Files";
			sourceTree = "<group>";
		};
		A7AA081714825387009DE810 /* CTOpenSSLWrapperTests */ = {
			isa = PBXGroup;
			children = (
				A7AA081D14825387009DE810 /* CTOpenSSLWrapperTests.h */,
				A7AA081E14825387009DE810 /* CTOpenSSLWrapperTests.m */,
				A7AA081814825387009DE810 /* Supporting Files */,
			);
			path = CTOpenSSLWrapperTests;
			sourceTree = "<group>";
		};
		A7AA081814825387009DE810 /* Supporting Files */ = {
			isa = PBXGroup;
			children = (
				A7AA081914825387009DE810 /* CTOpenSSLWrapperTests-Info.plist */,
				A7AA081A14825387009DE810 /* InfoPlist.strings */,
			);
			name = "Supporting Files";
			sourceTree = "<group>";
		};
/* End PBXGroup section */

/* Begin PBXHeadersBuildPhase section */
		A7AA07FC14825387009DE810 /* Headers */ = {
			isa = PBXHeadersBuildPhase;
			buildActionMask = 2147483647;
			files = (
				A74A5A69157D3E64000C62B9 /* NSData+CTOpenSSL.h in Headers */,
				A74A5AF2157E81B2000C62B9 /* CTOpenSSLDigest.h in Headers */,
				A73718D4157E878E00AA362C /* CTOpenSSLSymmetricEncryption.h in Headers */,
				A73718D9157E88C800AA362C /* CTOpenSSLAsymmetricEncryption.h in Headers */,
				A7371965157FE36400AA362C /* NSString+CTOpenSSL.h in Headers */,
			);
			runOnlyForDeploymentPostprocessing = 0;
		};
/* End PBXHeadersBuildPhase section */

/* Begin PBXNativeTarget section */
		A7AA07FD14825387009DE810 /* CTOpenSSLWrapper */ = {
			isa = PBXNativeTarget;
			buildConfigurationList = A7AA082214825387009DE810 /* Build configuration list for PBXNativeTarget "CTOpenSSLWrapper" */;
			buildPhases = (
				A7AA07FA14825387009DE810 /* Sources */,
				A7AA07FB14825387009DE810 /* Frameworks */,
				A7AA07FC14825387009DE810 /* Headers */,
			);
			buildRules = (
			);
			dependencies = (
			);
			name = CTOpenSSLWrapper;
			productName = CTOpenSSLWrapper;
			productReference = A7AA07FE14825387009DE810 /* libCTOpenSSLWrapper.a */;
			productType = "com.apple.product-type.library.static";
		};
		A7AA080D14825387009DE810 /* CTOpenSSLWrapperTests */ = {
			isa = PBXNativeTarget;
			buildConfigurationList = A7AA082514825387009DE810 /* Build configuration list for PBXNativeTarget "CTOpenSSLWrapperTests" */;
			buildPhases = (
				A7AA080914825387009DE810 /* Sources */,
				A7AA080A14825387009DE810 /* Frameworks */,
				A7AA080B14825387009DE810 /* Resources */,
				A7AA080C14825387009DE810 /* ShellScript */,
			);
			buildRules = (
			);
			dependencies = (
				A7AA081514825387009DE810 /* PBXTargetDependency */,
			);
			name = CTOpenSSLWrapperTests;
			productName = CTOpenSSLWrapperTests;
			productReference = A7AA080E14825387009DE810 /* CTOpenSSLWrapperTests.octest */;
			productType = "com.apple.product-type.bundle";
		};
/* End PBXNativeTarget section */

/* Begin PBXProject section */
		A7AA07F514825387009DE810 /* Project object */ = {
			isa = PBXProject;
			attributes = {
				LastUpgradeCheck = 0460;
				ORGANIZATIONNAME = Home;
			};
			buildConfigurationList = A7AA07F814825387009DE810 /* Build configuration list for PBXProject "CTOpenSSLWrapper" */;
			compatibilityVersion = "Xcode 3.2";
			developmentRegion = English;
			hasScannedForEncodings = 0;
			knownRegions = (
				en,
			);
			mainGroup = A7AA07F314825387009DE810;
			productRefGroup = A7AA07FF14825387009DE810 /* Products */;
			projectDirPath = "";
			projectRoot = "";
			targets = (
				A7AA07FD14825387009DE810 /* CTOpenSSLWrapper */,
				A7AA080D14825387009DE810 /* CTOpenSSLWrapperTests */,
			);
		};
/* End PBXProject section */

/* Begin PBXResourcesBuildPhase section */
		A7AA080B14825387009DE810 /* Resources */ = {
			isa = PBXResourcesBuildPhase;
			buildActionMask = 2147483647;
			files = (
				A7AA081C14825387009DE810 /* InfoPlist.strings in Resources */,
			);
			runOnlyForDeploymentPostprocessing = 0;
		};
/* End PBXResourcesBuildPhase section */

/* Begin PBXShellScriptBuildPhase section */
		A7AA080C14825387009DE810 /* ShellScript */ = {
			isa = PBXShellScriptBuildPhase;
			buildActionMask = 2147483647;
			files = (
			);
			inputPaths = (
			);
			outputPaths = (
			);
			runOnlyForDeploymentPostprocessing = 0;
			shellPath = /bin/sh;
			shellScript = "# Run the unit tests in this test bundle.\n\"${SYSTEM_DEVELOPER_DIR}/Tools/RunUnitTests\"\n";
		};
/* End PBXShellScriptBuildPhase section */

/* Begin PBXSourcesBuildPhase section */
		A7AA07FA14825387009DE810 /* Sources */ = {
			isa = PBXSourcesBuildPhase;
			buildActionMask = 2147483647;
			files = (
				A7AA080814825387009DE810 /* CTOpenSSLWrapper.m in Sources */,
				A74A5A6A157D3E64000C62B9 /* NSData+CTOpenSSL.m in Sources */,
				A74A5AF3157E81B2000C62B9 /* CTOpenSSLDigest.m in Sources */,
				A73718D5157E878E00AA362C /* CTOpenSSLSymmetricEncryption.m in Sources */,
				A73718DA157E88C800AA362C /* CTOpenSSLAsymmetricEncryption.m in Sources */,
				A7371966157FE36400AA362C /* NSString+CTOpenSSL.m in Sources */,
			);
			runOnlyForDeploymentPostprocessing = 0;
		};
		A7AA080914825387009DE810 /* Sources */ = {
			isa = PBXSourcesBuildPhase;
			buildActionMask = 2147483647;
			files = (
				A7AA081F14825387009DE810 /* CTOpenSSLWrapperTests.m in Sources */,
			);
			runOnlyForDeploymentPostprocessing = 0;
		};
/* End PBXSourcesBuildPhase section */

/* Begin PBXTargetDependency section */
		A7AA081514825387009DE810 /* PBXTargetDependency */ = {
			isa = PBXTargetDependency;
			target = A7AA07FD14825387009DE810 /* CTOpenSSLWrapper */;
			targetProxy = A7AA081414825387009DE810 /* PBXContainerItemProxy */;
		};
/* End PBXTargetDependency section */

/* Begin PBXVariantGroup section */
		A7AA081A14825387009DE810 /* InfoPlist.strings */ = {
			isa = PBXVariantGroup;
			children = (
				A7AA081B14825387009DE810 /* en */,
			);
			name = InfoPlist.strings;
			sourceTree = "<group>";
		};
/* End PBXVariantGroup section */

/* Begin XCBuildConfiguration section */
		A7AA082014825387009DE810 /* Debug */ = {
			isa = XCBuildConfiguration;
			buildSettings = {
				ALWAYS_SEARCH_USER_PATHS = YES;
				ARCHS = "$(ARCHS_STANDARD_32_BIT)";
				CLANG_ENABLE_OBJC_ARC = YES;
				CLANG_WARN_CONSTANT_CONVERSION = YES;
				CLANG_WARN_ENUM_CONVERSION = YES;
				CLANG_WARN_INT_CONVERSION = YES;
				CLANG_WARN__DUPLICATE_METHOD_MATCH = YES;
				COPY_PHASE_STRIP = NO;
				GCC_C_LANGUAGE_STANDARD = gnu99;
				GCC_DYNAMIC_NO_PIC = NO;
				GCC_OPTIMIZATION_LEVEL = 0;
				GCC_PREPROCESSOR_DEFINITIONS = (
					"DEBUG=1",
					"$(inherited)",
				);
				GCC_SYMBOLS_PRIVATE_EXTERN = NO;
				GCC_VERSION = com.apple.compilers.llvm.clang.1_0;
				GCC_WARN_ABOUT_MISSING_PROTOTYPES = YES;
				GCC_WARN_ABOUT_RETURN_TYPE = YES;
				GCC_WARN_UNINITIALIZED_AUTOS = YES;
				GCC_WARN_UNUSED_VARIABLE = YES;
				HEADER_SEARCH_PATHS = "";
				IPHONEOS_DEPLOYMENT_TARGET = 5.0;
				LIBRARY_SEARCH_PATHS = (
					"$(inherited)",
					"\"$(SRCROOT)\"",
				);
				OTHER_LDFLAGS = (
					"-force_load",
					"$(TARGET_BUILD_DIR)/libCTOpenSSLWrapper.a",
				);
				SDKROOT = iphoneos;
				USER_HEADER_SEARCH_PATHS = include;
			};
			name = Debug;
		};
		A7AA082114825387009DE810 /* Release */ = {
			isa = XCBuildConfiguration;
			buildSettings = {
				ALWAYS_SEARCH_USER_PATHS = YES;
				ARCHS = "$(ARCHS_STANDARD_32_BIT)";
				CLANG_ENABLE_OBJC_ARC = YES;
				CLANG_WARN_CONSTANT_CONVERSION = YES;
				CLANG_WARN_ENUM_CONVERSION = YES;
				CLANG_WARN_INT_CONVERSION = YES;
				CLANG_WARN__DUPLICATE_METHOD_MATCH = YES;
				COPY_PHASE_STRIP = YES;
				GCC_C_LANGUAGE_STANDARD = gnu99;
				GCC_VERSION = com.apple.compilers.llvm.clang.1_0;
				GCC_WARN_ABOUT_MISSING_PROTOTYPES = YES;
				GCC_WARN_ABOUT_RETURN_TYPE = YES;
				GCC_WARN_UNINITIALIZED_AUTOS = YES;
				GCC_WARN_UNUSED_VARIABLE = YES;
				HEADER_SEARCH_PATHS = "";
				IPHONEOS_DEPLOYMENT_TARGET = 5.0;
				LIBRARY_SEARCH_PATHS = (
					"$(inherited)",
					"\"$(SRCROOT)\"",
				);
				OTHER_LDFLAGS = (
					"-force_load",
					"$(TARGET_BUILD_DIR)/libCTOpenSSLWrapper.a",
				);
				SDKROOT = iphoneos;
				USER_HEADER_SEARCH_PATHS = include;
				VALIDATE_PRODUCT = YES;
			};
			name = Release;
		};
		A7AA082314825387009DE810 /* Debug */ = {
			isa = XCBuildConfiguration;
			buildSettings = {
				ARCHS = "$(ARCHS_STANDARD_32_BIT)";
				DSTROOT = /tmp/CTOpenSSLWrapper.dst;
				GCC_PRECOMPILE_PREFIX_HEADER = YES;
				GCC_PREFIX_HEADER = "CTOpenSSLWrapper/CTOpenSSLWrapper-Prefix.pch";
				GCC_THUMB_SUPPORT = NO;
				LIBRARY_SEARCH_PATHS = (
					"$(inherited)",
					"\"$(SRCROOT)/../OpenSSL\"",
					"\"$(SRCROOT)/..\"",
					"\"$(SRCROOT)\"",
				);
				OTHER_LDFLAGS = "-ObjC";
				PRODUCT_NAME = "$(TARGET_NAME)";
				SKIP_INSTALL = YES;
			};
			name = Debug;
		};
		A7AA082414825387009DE810 /* Release */ = {
			isa = XCBuildConfiguration;
			buildSettings = {
				ARCHS = "$(ARCHS_STANDARD_32_BIT)";
				DSTROOT = /tmp/CTOpenSSLWrapper.dst;
				GCC_PRECOMPILE_PREFIX_HEADER = YES;
				GCC_PREFIX_HEADER = "CTOpenSSLWrapper/CTOpenSSLWrapper-Prefix.pch";
				GCC_THUMB_SUPPORT = NO;
				LIBRARY_SEARCH_PATHS = (
					"$(inherited)",
					"\"$(SRCROOT)/../OpenSSL\"",
					"\"$(SRCROOT)/..\"",
					"\"$(SRCROOT)\"",
				);
				OTHER_LDFLAGS = "-ObjC";
				PRODUCT_NAME = "$(TARGET_NAME)";
				SKIP_INSTALL = YES;
			};
			name = Release;
		};
		A7AA082614825387009DE810 /* Debug */ = {
			isa = XCBuildConfiguration;
			buildSettings = {
				FRAMEWORK_SEARCH_PATHS = (
					"$(SDKROOT)/Developer/Library/Frameworks",
					"$(DEVELOPER_LIBRARY_DIR)/Frameworks",
				);
				GCC_PRECOMPILE_PREFIX_HEADER = YES;
				GCC_PREFIX_HEADER = "CTOpenSSLWrapper/CTOpenSSLWrapper-Prefix.pch";
				INFOPLIST_FILE = "CTOpenSSLWrapperTests/CTOpenSSLWrapperTests-Info.plist";
				LIBRARY_SEARCH_PATHS = (
					"$(inherited)",
					"\"$(SRCROOT)/../OpenSSL\"",
					"\"$(SRCROOT)\"",
				);
				PRODUCT_NAME = "$(TARGET_NAME)";
				WRAPPER_EXTENSION = octest;
			};
			name = Debug;
		};
		A7AA082714825387009DE810 /* Release */ = {
			isa = XCBuildConfiguration;
			buildSettings = {
				FRAMEWORK_SEARCH_PATHS = (
					"$(SDKROOT)/Developer/Library/Frameworks",
					"$(DEVELOPER_LIBRARY_DIR)/Frameworks",
				);
				GCC_PRECOMPILE_PREFIX_HEADER = YES;
				GCC_PREFIX_HEADER = "CTOpenSSLWrapper/CTOpenSSLWrapper-Prefix.pch";
				INFOPLIST_FILE = "CTOpenSSLWrapperTests/CTOpenSSLWrapperTests-Info.plist";
				LIBRARY_SEARCH_PATHS = (
					"$(inherited)",
					"\"$(SRCROOT)/../OpenSSL\"",
					"\"$(SRCROOT)\"",
				);
				PRODUCT_NAME = "$(TARGET_NAME)";
				WRAPPER_EXTENSION = octest;
			};
			name = Release;
		};
/* End XCBuildConfiguration section */

/* Begin XCConfigurationList section */
		A7AA07F814825387009DE810 /* Build configuration list for PBXProject "CTOpenSSLWrapper" */ = {
			isa = XCConfigurationList;
			buildConfigurations = (
				A7AA082014825387009DE810 /* Debug */,
				A7AA082114825387009DE810 /* Release */,
			);
			defaultConfigurationIsVisible = 0;
			defaultConfigurationName = Release;
		};
		A7AA082214825387009DE810 /* Build configuration list for PBXNativeTarget "CTOpenSSLWrapper" */ = {
			isa = XCConfigurationList;
			buildConfigurations = (
				A7AA082314825387009DE810 /* Debug */,
				A7AA082414825387009DE810 /* Release */,
			);
			defaultConfigurationIsVisible = 0;
			defaultConfigurationName = Release;
		};
		A7AA082514825387009DE810 /* Build configuration list for PBXNativeTarget "CTOpenSSLWrapperTests" */ = {
			isa = XCConfigurationList;
			buildConfigurations = (
				A7AA082614825387009DE810 /* Debug */,
				A7AA082714825387009DE810 /* Release */,
			);
			defaultConfigurationIsVisible = 0;
			defaultConfigurationName = Release;
		};
/* End XCConfigurationList section */
	};
	rootObject = A7AA07F514825387009DE810 /* Project object */;
}
